
Microsoft Visual Studio Solution File, Format Version 12.00
# Visual Studio Version 17
VisualStudioVersion = 17.13.35825.156 d17.13
MinimumVisualStudioVersion = 10.0.40219.1
Project("{FAE04EC0-301F-11D3-BF4B-00C04F79EFBC}") = "ProductManagement", "ProductManagement\ProductManagement.csproj", "{EE871425-BAE8-4565-8CA7-19C44CA02D44}"
EndProject
Project("{FAE04EC0-301F-11D3-BF4B-00C04F79EFBC}") = "framework.BaseService", "framework.BaseService\framework.BaseService.csproj", "{8A47EE5A-38C9-497C-9686-03265B147FF9}"
EndProject
Project("{FAE04EC0-301F-11D3-BF4B-00C04F79EFBC}") = "framework.DTO", "framework.DTO\framework.DTO.csproj", "{61C52970-AF86-4F92-9A4B-E3558385BD57}"
EndProject
Project("{FAE04EC0-301F-11D3-BF4B-00C04F79EFBC}") = "framework.GeneralSetting", "framework.GeneralSetting\framework.GeneralSetting.csproj", "{94DC9201-A5D2-453A-A8DC-46EA56154A09}"
EndProject
Project("{FAE04EC0-301F-11D3-BF4B-00C04F79EFBC}") = "framework.Product", "framework.Product\framework.Product.csproj", "{235BE69C-61E0-4A6E-AC4A-827BA7742BE6}"
EndProject
Global
	GlobalSection(SolutionConfigurationPlatforms) = preSolution
		Debug|Any CPU = Debug|Any CPU
		Release|Any CPU = Release|Any CPU
	EndGlobalSection
	GlobalSection(ProjectConfigurationPlatforms) = postSolution
		{EE871425-BAE8-4565-8CA7-19C44CA02D44}.Debug|Any CPU.ActiveCfg = Debug|Any CPU
		{EE871425-BAE8-4565-8CA7-19C44CA02D44}.Debug|Any CPU.Build.0 = Debug|Any CPU
		{EE871425-BAE8-4565-8CA7-19C44CA02D44}.Release|Any CPU.ActiveCfg = Release|Any CPU
		{EE871425-BAE8-4565-8CA7-19C44CA02D44}.Release|Any CPU.Build.0 = Release|Any CPU
		{8A47EE5A-38C9-497C-9686-03265B147FF9}.Debug|Any CPU.ActiveCfg = Debug|Any CPU
		{8A47EE5A-38C9-497C-9686-03265B147FF9}.Debug|Any CPU.Build.0 = Debug|Any CPU
		{8A47EE5A-38C9-497C-9686-03265B147FF9}.Release|Any CPU.ActiveCfg = Release|Any CPU
		{8A47EE5A-38C9-497C-9686-03265B147FF9}.Release|Any CPU.Build.0 = Release|Any CPU
		{61C52970-AF86-4F92-9A4B-E3558385BD57}.Debug|Any CPU.ActiveCfg = Debug|Any CPU
		{61C52970-AF86-4F92-9A4B-E3558385BD57}.Debug|Any CPU.Build.0 = Debug|Any CPU
		{61C52970-AF86-4F92-9A4B-E3558385BD57}.Release|Any CPU.ActiveCfg = Release|Any CPU
		{61C52970-AF86-4F92-9A4B-E3558385BD57}.Release|Any CPU.Build.0 = Release|Any CPU
		{94DC9201-A5D2-453A-A8DC-46EA56154A09}.Debug|Any CPU.ActiveCfg = Debug|Any CPU
		{94DC9201-A5D2-453A-A8DC-46EA56154A09}.Debug|Any CPU.Build.0 = Debug|Any CPU
		{94DC9201-A5D2-453A-A8DC-46EA56154A09}.Release|Any CPU.ActiveCfg = Release|Any CPU
		{94DC9201-A5D2-453A-A8DC-46EA56154A09}.Release|Any CPU.Build.0 = Release|Any CPU
		{235BE69C-61E0-4A6E-AC4A-827BA7742BE6}.Debug|Any CPU.ActiveCfg = Debug|Any CPU
		{235BE69C-61E0-4A6E-AC4A-827BA7742BE6}.Debug|Any CPU.Build.0 = Debug|Any CPU
		{235BE69C-61E0-4A6E-AC4A-827BA7742BE6}.Release|Any CPU.ActiveCfg = Release|Any CPU
		{235BE69C-61E0-4A6E-AC4A-827BA7742BE6}.Release|Any CPU.Build.0 = Release|Any CPU
	EndGlobalSection
	GlobalSection(SolutionProperties) = preSolution
		HideSolutionNode = FALSE
	EndGlobalSection
	GlobalSection(ExtensibilityGlobals) = postSolution
		SolutionGuid = {D0BBB51E-DED9-431E-BB4E-3A3E24D5FAEC}
	EndGlobalSection
EndGlobal
